
Microsoft Visual Studio Solution File, Format Version 12.00
# Visual Studio Version 16
VisualStudioVersion = 16.0.30204.135
MinimumVisualStudioVersion = 10.0.40219.1
Project("{FAE04EC0-301F-11D3-BF4B-00C04F79EFBC}") = "Kolatz", "Kolatz\Kolatz.csproj", "{DE88CA18-9068-424C-878F-9F090EB577CA}"
EndProject
Global
	GlobalSection(SolutionConfigurationPlatforms) = preSolution
		Debug|Any CPU = Debug|Any CPU
		Release|Any CPU = Release|Any CPU
	EndGlobalSection
	GlobalSection(ProjectConfigurationPlatforms) = postSolution
		{DE88CA18-9068-424C-878F-9F090EB577CA}.Debug|Any CPU.ActiveCfg = Debug|Any CPU
		{DE88CA18-9068-424C-878F-9F090EB577CA}.Debug|Any CPU.Build.0 = Debug|Any CPU
		{DE88CA18-9068-424C-878F-9F090EB577CA}.Release|Any CPU.ActiveCfg = Release|Any CPU
		{DE88CA18-9068-424C-878F-9F090EB577CA}.Release|Any CPU.Build.0 = Release|Any CPU
	EndGlobalSection
	GlobalSection(SolutionProperties) = preSolution
		HideSolutionNode = FALSE
	EndGlobalSection
	GlobalSection(ExtensibilityGlobals) = postSolution
		SolutionGuid = {928B2A6F-5B37-45D4-8772-B90A1A0AFBBB}
	EndGlobalSection
EndGlobal
